
Microsoft Visual Studio Solution File, Format Version 12.00
# Visual Studio 15
Project("{FAE04EC0-301F-11D3-BF4B-00C04F79EFBC}") = "Assembly-CSharp", "Assembly-CSharp.csproj", "{AFCBE225-3842-7F44-1A92-49E63626EE8B}"
EndProject
Project("{FAE04EC0-301F-11D3-BF4B-00C04F79EFBC}") = "Unity.2D.Tilemap.Extras", "Unity.2D.Tilemap.Extras.csproj", "{9464CBF1-85BC-1BD7-4077-336965CB0AA4}"
EndProject
Project("{FAE04EC0-301F-11D3-BF4B-00C04F79EFBC}") = "Unity.2D.Tilemap.Extras.Editor", "Unity.2D.Tilemap.Extras.Editor.csproj", "{F8BC1222-EDAD-EA25-4A06-43E774443977}"
EndProject
Project("{FAE04EC0-301F-11D3-BF4B-00C04F79EFBC}") = "Unity.2D.Tilemap.Extras.Placeholder.EditorTests", "Unity.2D.Tilemap.Extras.Placeholder.EditorTests.csproj", "{B11854A6-9339-EDCD-9B7B-B8C728D7D811}"
EndProject
Global
	GlobalSection(SolutionConfigurationPlatforms) = preSolution
		Debug|Any CPU = Debug|Any CPU
		Release|Any CPU = Release|Any CPU
	EndGlobalSection
	GlobalSection(ProjectConfigurationPlatforms) = postSolution
		{AFCBE225-3842-7F44-1A92-49E63626EE8B}.Debug|Any CPU.ActiveCfg = Debug|Any CPU
		{AFCBE225-3842-7F44-1A92-49E63626EE8B}.Debug|Any CPU.Build.0 = Debug|Any CPU
		{AFCBE225-3842-7F44-1A92-49E63626EE8B}.Release|Any CPU.ActiveCfg = Release|Any CPU
		{AFCBE225-3842-7F44-1A92-49E63626EE8B}.Release|Any CPU.Build.0 = Release|Any CPU
		{9464CBF1-85BC-1BD7-4077-336965CB0AA4}.Debug|Any CPU.ActiveCfg = Debug|Any CPU
		{9464CBF1-85BC-1BD7-4077-336965CB0AA4}.Debug|Any CPU.Build.0 = Debug|Any CPU
		{9464CBF1-85BC-1BD7-4077-336965CB0AA4}.Release|Any CPU.ActiveCfg = Release|Any CPU
		{9464CBF1-85BC-1BD7-4077-336965CB0AA4}.Release|Any CPU.Build.0 = Release|Any CPU
		{F8BC1222-EDAD-EA25-4A06-43E774443977}.Debug|Any CPU.ActiveCfg = Debug|Any CPU
		{F8BC1222-EDAD-EA25-4A06-43E774443977}.Debug|Any CPU.Build.0 = Debug|Any CPU
		{F8BC1222-EDAD-EA25-4A06-43E774443977}.Release|Any CPU.ActiveCfg = Release|Any CPU
		{F8BC1222-EDAD-EA25-4A06-43E774443977}.Release|Any CPU.Build.0 = Release|Any CPU
		{B11854A6-9339-EDCD-9B7B-B8C728D7D811}.Debug|Any CPU.ActiveCfg = Debug|Any CPU
		{B11854A6-9339-EDCD-9B7B-B8C728D7D811}.Debug|Any CPU.Build.0 = Debug|Any CPU
		{B11854A6-9339-EDCD-9B7B-B8C728D7D811}.Release|Any CPU.ActiveCfg = Release|Any CPU
		{B11854A6-9339-EDCD-9B7B-B8C728D7D811}.Release|Any CPU.Build.0 = Release|Any CPU
	EndGlobalSection
	GlobalSection(SolutionProperties) = preSolution
		HideSolutionNode = FALSE
	EndGlobalSection
EndGlobal
