
Microsoft Visual Studio Solution File, Format Version 12.00
# Visual Studio 15
Project("{FAE04EC0-301F-11D3-BF4B-00C04F79EFBC}") = "Assembly-CSharp", "Assembly-CSharp.csproj", "{F38B82F5-9504-8C46-DDA7-3F05EA3B2E10}"
EndProject
Project("{FAE04EC0-301F-11D3-BF4B-00C04F79EFBC}") = "Unity.2D.Tilemap.Extras", "Unity.2D.Tilemap.Extras.csproj", "{9E0362C8-46F1-3D46-11AC-514D4589E347}"
EndProject
Project("{FAE04EC0-301F-11D3-BF4B-00C04F79EFBC}") = "Unity.2D.Tilemap.Extras.Editor", "Unity.2D.Tilemap.Extras.Editor.csproj", "{03CD5E5E-187E-95D1-89C2-8DAF138D78B0}"
EndProject
Project("{FAE04EC0-301F-11D3-BF4B-00C04F79EFBC}") = "Unity.2D.Tilemap.Extras.Placeholder.EditorTests", "Unity.2D.Tilemap.Extras.Placeholder.EditorTests.csproj", "{FE75DDAA-3F84-3B83-BD29-3DB929A3ABA6}"
EndProject
Global
	GlobalSection(SolutionConfigurationPlatforms) = preSolution
		Debug|Any CPU = Debug|Any CPU
		Release|Any CPU = Release|Any CPU
	EndGlobalSection
	GlobalSection(ProjectConfigurationPlatforms) = postSolution
		{F38B82F5-9504-8C46-DDA7-3F05EA3B2E10}.Debug|Any CPU.ActiveCfg = Debug|Any CPU
		{F38B82F5-9504-8C46-DDA7-3F05EA3B2E10}.Debug|Any CPU.Build.0 = Debug|Any CPU
		{F38B82F5-9504-8C46-DDA7-3F05EA3B2E10}.Release|Any CPU.ActiveCfg = Release|Any CPU
		{F38B82F5-9504-8C46-DDA7-3F05EA3B2E10}.Release|Any CPU.Build.0 = Release|Any CPU
		{9E0362C8-46F1-3D46-11AC-514D4589E347}.Debug|Any CPU.ActiveCfg = Debug|Any CPU
		{9E0362C8-46F1-3D46-11AC-514D4589E347}.Debug|Any CPU.Build.0 = Debug|Any CPU
		{9E0362C8-46F1-3D46-11AC-514D4589E347}.Release|Any CPU.ActiveCfg = Release|Any CPU
		{9E0362C8-46F1-3D46-11AC-514D4589E347}.Release|Any CPU.Build.0 = Release|Any CPU
		{03CD5E5E-187E-95D1-89C2-8DAF138D78B0}.Debug|Any CPU.ActiveCfg = Debug|Any CPU
		{03CD5E5E-187E-95D1-89C2-8DAF138D78B0}.Debug|Any CPU.Build.0 = Debug|Any CPU
		{03CD5E5E-187E-95D1-89C2-8DAF138D78B0}.Release|Any CPU.ActiveCfg = Release|Any CPU
		{03CD5E5E-187E-95D1-89C2-8DAF138D78B0}.Release|Any CPU.Build.0 = Release|Any CPU
		{FE75DDAA-3F84-3B83-BD29-3DB929A3ABA6}.Debug|Any CPU.ActiveCfg = Debug|Any CPU
		{FE75DDAA-3F84-3B83-BD29-3DB929A3ABA6}.Debug|Any CPU.Build.0 = Debug|Any CPU
		{FE75DDAA-3F84-3B83-BD29-3DB929A3ABA6}.Release|Any CPU.ActiveCfg = Release|Any CPU
		{FE75DDAA-3F84-3B83-BD29-3DB929A3ABA6}.Release|Any CPU.Build.0 = Release|Any CPU
	EndGlobalSection
	GlobalSection(SolutionProperties) = preSolution
		HideSolutionNode = FALSE
	EndGlobalSection
EndGlobal
